
Microsoft Visual Studio Solution File, Format Version 12.00
# Visual Studio Version 17
VisualStudioVersion = 17.0.31919.166
MinimumVisualStudioVersion = 10.0.40219.1
Project("{8BC9CEB8-8B4A-11D0-8D11-00A0C91BC942}") = "SIAOD_7", "SIAOD_7.vcxproj", "{690C485F-BDA3-4145-A629-11D2D54873DF}"
EndProject
Global
	GlobalSection(SolutionConfigurationPlatforms) = preSolution
		Debug|x64 = Debug|x64
		Debug|x86 = Debug|x86
		Release|x64 = Release|x64
		Release|x86 = Release|x86
	EndGlobalSection
	GlobalSection(ProjectConfigurationPlatforms) = postSolution
		{690C485F-BDA3-4145-A629-11D2D54873DF}.Debug|x64.ActiveCfg = Debug|x64
		{690C485F-BDA3-4145-A629-11D2D54873DF}.Debug|x64.Build.0 = Debug|x64
		{690C485F-BDA3-4145-A629-11D2D54873DF}.Debug|x86.ActiveCfg = Debug|Win32
		{690C485F-BDA3-4145-A629-11D2D54873DF}.Debug|x86.Build.0 = Debug|Win32
		{690C485F-BDA3-4145-A629-11D2D54873DF}.Release|x64.ActiveCfg = Release|x64
		{690C485F-BDA3-4145-A629-11D2D54873DF}.Release|x64.Build.0 = Release|x64
		{690C485F-BDA3-4145-A629-11D2D54873DF}.Release|x86.ActiveCfg = Release|Win32
		{690C485F-BDA3-4145-A629-11D2D54873DF}.Release|x86.Build.0 = Release|Win32
	EndGlobalSection
	GlobalSection(SolutionProperties) = preSolution
		HideSolutionNode = FALSE
	EndGlobalSection
	GlobalSection(ExtensibilityGlobals) = postSolution
		SolutionGuid = {978B4969-31FB-4823-9A85-B2BCC7DB7F19}
	EndGlobalSection
EndGlobal
